// !$*UTF8*$!
{
	archiveVersion = 1;
	classes = {
	};
	objectVersion = 46;
	objects = {

/* Begin PBXBuildFile section */
		D0188D8D1546219700129D1B /* COSessionCell.m in Sources */ = {isa = PBXBuildFile; fileRef = D0188D8C1546219700129D1B /* COSessionCell.m */; };
		D0188D90154621B800129D1B /* COSessionCell.xib in Resources */ = {isa = PBXBuildFile; fileRef = D0188D8F154621B800129D1B /* COSessionCell.xib */; };
		D0188D941546356B00129D1B /* COSessionDetailViewController.m in Sources */ = {isa = PBXBuildFile; fileRef = D0188D921546356B00129D1B /* COSessionDetailViewController.m */; };
		D0188D951546356B00129D1B /* COSessionDetailViewController.xib in Resources */ = {isa = PBXBuildFile; fileRef = D0188D931546356B00129D1B /* COSessionDetailViewController.xib */; };
		D0188DA51546601200129D1B /* COSpeakerDetailViewController.m in Sources */ = {isa = PBXBuildFile; fileRef = D0188DA31546601200129D1B /* COSpeakerDetailViewController.m */; };
		D0188DA61546601200129D1B /* COSpeakerDetailViewController.xib in Resources */ = {isa = PBXBuildFile; fileRef = D0188DA41546601200129D1B /* COSpeakerDetailViewController.xib */; };
		D021E0151545055900048420 /* UIKit.framework in Frameworks */ = {isa = PBXBuildFile; fileRef = D021E0141545055900048420 /* UIKit.framework */; };
		D021E0171545055900048420 /* Foundation.framework in Frameworks */ = {isa = PBXBuildFile; fileRef = D021E0161545055900048420 /* Foundation.framework */; };
		D021E0191545055900048420 /* CoreGraphics.framework in Frameworks */ = {isa = PBXBuildFile; fileRef = D021E0181545055900048420 /* CoreGraphics.framework */; };
		D021E01F1545055900048420 /* InfoPlist.strings in Resources */ = {isa = PBXBuildFile; fileRef = D021E01D1545055900048420 /* InfoPlist.strings */; };
		D021E0211545055900048420 /* main.m in Sources */ = {isa = PBXBuildFile; fileRef = D021E0201545055900048420 /* main.m */; };
		D021E0251545055900048420 /* CodeStockAppDelegate.m in Sources */ = {isa = PBXBuildFile; fileRef = D021E0241545055900048420 /* CodeStockAppDelegate.m */; };
		D021E02D1545055900048420 /* SenTestingKit.framework in Frameworks */ = {isa = PBXBuildFile; fileRef = D021E02C1545055900048420 /* SenTestingKit.framework */; };
		D021E02E1545055900048420 /* UIKit.framework in Frameworks */ = {isa = PBXBuildFile; fileRef = D021E0141545055900048420 /* UIKit.framework */; };
		D021E02F1545055900048420 /* Foundation.framework in Frameworks */ = {isa = PBXBuildFile; fileRef = D021E0161545055900048420 /* Foundation.framework */; };
		D021E0371545055900048420 /* InfoPlist.strings in Resources */ = {isa = PBXBuildFile; fileRef = D021E0351545055900048420 /* InfoPlist.strings */; };
		D021E03A1545055900048420 /* CodeStockTestTemplate.m in Sources */ = {isa = PBXBuildFile; fileRef = D021E0391545055900048420 /* CodeStockTestTemplate.m */; };
		D060B3BF15450B3E0001FDA6 /* COSessionListViewController.m in Sources */ = {isa = PBXBuildFile; fileRef = D060B3BD15450B3E0001FDA6 /* COSessionListViewController.m */; };
		D060B3C015450B3E0001FDA6 /* COSessionListViewController.m in Sources */ = {isa = PBXBuildFile; fileRef = D060B3BD15450B3E0001FDA6 /* COSessionListViewController.m */; };
		D060B3C715450B800001FDA6 /* COSpeakerListViewController.m in Sources */ = {isa = PBXBuildFile; fileRef = D060B3C515450B800001FDA6 /* COSpeakerListViewController.m */; };
		D060B3C815450B800001FDA6 /* COSpeakerListViewController.m in Sources */ = {isa = PBXBuildFile; fileRef = D060B3C515450B800001FDA6 /* COSpeakerListViewController.m */; };
		D060B3D315450BE20001FDA6 /* COSessionListViewController.xib in Resources */ = {isa = PBXBuildFile; fileRef = D060B3D115450BE20001FDA6 /* COSessionListViewController.xib */; };
		D060B3D415450BE20001FDA6 /* COSessionListViewController.xib in Resources */ = {isa = PBXBuildFile; fileRef = D060B3D115450BE20001FDA6 /* COSessionListViewController.xib */; };
		D060B3D515450BE20001FDA6 /* COSpeakerListViewController.xib in Resources */ = {isa = PBXBuildFile; fileRef = D060B3D215450BE20001FDA6 /* COSpeakerListViewController.xib */; };
		D060B3D615450BE20001FDA6 /* COSpeakerListViewController.xib in Resources */ = {isa = PBXBuildFile; fileRef = D060B3D215450BE20001FDA6 /* COSpeakerListViewController.xib */; };
		D060B3DA15450C0F0001FDA6 /* CORoomListViewController.m in Sources */ = {isa = PBXBuildFile; fileRef = D060B3D815450C0F0001FDA6 /* CORoomListViewController.m */; };
		D060B3DB15450C0F0001FDA6 /* CORoomListViewController.m in Sources */ = {isa = PBXBuildFile; fileRef = D060B3D815450C0F0001FDA6 /* CORoomListViewController.m */; };
		D060B3DC15450C0F0001FDA6 /* CORoomListViewController.xib in Resources */ = {isa = PBXBuildFile; fileRef = D060B3D915450C0F0001FDA6 /* CORoomListViewController.xib */; };
		D060B3DD15450C0F0001FDA6 /* CORoomListViewController.xib in Resources */ = {isa = PBXBuildFile; fileRef = D060B3D915450C0F0001FDA6 /* CORoomListViewController.xib */; };
		D060B3E115450E860001FDA6 /* CODataManager.m in Sources */ = {isa = PBXBuildFile; fileRef = D060B3E015450E860001FDA6 /* CODataManager.m */; };
		D060B3E215450E860001FDA6 /* CODataManager.m in Sources */ = {isa = PBXBuildFile; fileRef = D060B3E015450E860001FDA6 /* CODataManager.m */; };
		D060B3FE15450EFD0001FDA6 /* AFHTTPClient.m in Sources */ = {isa = PBXBuildFile; fileRef = D060B3E615450EFD0001FDA6 /* AFHTTPClient.m */; settings = {COMPILER_FLAGS = "-fno-objc-arc"; }; };
		D060B3FF15450EFD0001FDA6 /* AFHTTPClient.m in Sources */ = {isa = PBXBuildFile; fileRef = D060B3E615450EFD0001FDA6 /* AFHTTPClient.m */; settings = {COMPILER_FLAGS = "-fno-objc-arc"; }; };
		D060B40015450EFD0001FDA6 /* AFHTTPRequestOperation.m in Sources */ = {isa = PBXBuildFile; fileRef = D060B3E815450EFD0001FDA6 /* AFHTTPRequestOperation.m */; settings = {COMPILER_FLAGS = "-fno-objc-arc"; }; };
		D060B40115450EFD0001FDA6 /* AFHTTPRequestOperation.m in Sources */ = {isa = PBXBuildFile; fileRef = D060B3E815450EFD0001FDA6 /* AFHTTPRequestOperation.m */; settings = {COMPILER_FLAGS = "-fno-objc-arc"; }; };
		D060B40215450EFD0001FDA6 /* AFImageRequestOperation.m in Sources */ = {isa = PBXBuildFile; fileRef = D060B3EA15450EFD0001FDA6 /* AFImageRequestOperation.m */; settings = {COMPILER_FLAGS = "-fno-objc-arc"; }; };
		D060B40315450EFD0001FDA6 /* AFImageRequestOperation.m in Sources */ = {isa = PBXBuildFile; fileRef = D060B3EA15450EFD0001FDA6 /* AFImageRequestOperation.m */; settings = {COMPILER_FLAGS = "-fno-objc-arc"; }; };
		D060B40415450EFD0001FDA6 /* AFJSONRequestOperation.m in Sources */ = {isa = PBXBuildFile; fileRef = D060B3EC15450EFD0001FDA6 /* AFJSONRequestOperation.m */; settings = {COMPILER_FLAGS = "-fno-objc-arc"; }; };
		D060B40515450EFD0001FDA6 /* AFJSONRequestOperation.m in Sources */ = {isa = PBXBuildFile; fileRef = D060B3EC15450EFD0001FDA6 /* AFJSONRequestOperation.m */; settings = {COMPILER_FLAGS = "-fno-objc-arc"; }; };
		D060B40615450EFD0001FDA6 /* AFJSONUtilities.m in Sources */ = {isa = PBXBuildFile; fileRef = D060B3EE15450EFD0001FDA6 /* AFJSONUtilities.m */; settings = {COMPILER_FLAGS = "-fno-objc-arc"; }; };
		D060B40715450EFD0001FDA6 /* AFJSONUtilities.m in Sources */ = {isa = PBXBuildFile; fileRef = D060B3EE15450EFD0001FDA6 /* AFJSONUtilities.m */; settings = {COMPILER_FLAGS = "-fno-objc-arc"; }; };
		D060B40815450EFD0001FDA6 /* AFNetworkActivityIndicatorManager.m in Sources */ = {isa = PBXBuildFile; fileRef = D060B3F015450EFD0001FDA6 /* AFNetworkActivityIndicatorManager.m */; settings = {COMPILER_FLAGS = "-fno-objc-arc"; }; };
		D060B40915450EFD0001FDA6 /* AFNetworkActivityIndicatorManager.m in Sources */ = {isa = PBXBuildFile; fileRef = D060B3F015450EFD0001FDA6 /* AFNetworkActivityIndicatorManager.m */; settings = {COMPILER_FLAGS = "-fno-objc-arc"; }; };
		D060B40A15450EFD0001FDA6 /* AFPropertyListRequestOperation.m in Sources */ = {isa = PBXBuildFile; fileRef = D060B3F315450EFD0001FDA6 /* AFPropertyListRequestOperation.m */; settings = {COMPILER_FLAGS = "-fno-objc-arc"; }; };
		D060B40B15450EFD0001FDA6 /* AFPropertyListRequestOperation.m in Sources */ = {isa = PBXBuildFile; fileRef = D060B3F315450EFD0001FDA6 /* AFPropertyListRequestOperation.m */; settings = {COMPILER_FLAGS = "-fno-objc-arc"; }; };
		D060B40C15450EFD0001FDA6 /* AFURLConnectionOperation.m in Sources */ = {isa = PBXBuildFile; fileRef = D060B3F515450EFD0001FDA6 /* AFURLConnectionOperation.m */; settings = {COMPILER_FLAGS = "-fno-objc-arc"; }; };
		D060B40D15450EFD0001FDA6 /* AFURLConnectionOperation.m in Sources */ = {isa = PBXBuildFile; fileRef = D060B3F515450EFD0001FDA6 /* AFURLConnectionOperation.m */; settings = {COMPILER_FLAGS = "-fno-objc-arc"; }; };
		D060B40E15450EFD0001FDA6 /* AFXMLRequestOperation.m in Sources */ = {isa = PBXBuildFile; fileRef = D060B3F715450EFD0001FDA6 /* AFXMLRequestOperation.m */; settings = {COMPILER_FLAGS = "-fno-objc-arc"; }; };
		D060B40F15450EFD0001FDA6 /* AFXMLRequestOperation.m in Sources */ = {isa = PBXBuildFile; fileRef = D060B3F715450EFD0001FDA6 /* AFXMLRequestOperation.m */; settings = {COMPILER_FLAGS = "-fno-objc-arc"; }; };
		D060B41015450EFD0001FDA6 /* UIImageView+AFNetworking.m in Sources */ = {isa = PBXBuildFile; fileRef = D060B3F915450EFD0001FDA6 /* UIImageView+AFNetworking.m */; settings = {COMPILER_FLAGS = "-fno-objc-arc"; }; };
		D060B41115450EFD0001FDA6 /* UIImageView+AFNetworking.m in Sources */ = {isa = PBXBuildFile; fileRef = D060B3F915450EFD0001FDA6 /* UIImageView+AFNetworking.m */; settings = {COMPILER_FLAGS = "-fno-objc-arc"; }; };
		D060B41215450EFD0001FDA6 /* SVProgressHUD.bundle in Resources */ = {isa = PBXBuildFile; fileRef = D060B3FB15450EFD0001FDA6 /* SVProgressHUD.bundle */; };
		D060B41315450EFD0001FDA6 /* SVProgressHUD.bundle in Resources */ = {isa = PBXBuildFile; fileRef = D060B3FB15450EFD0001FDA6 /* SVProgressHUD.bundle */; };
		D060B41415450EFD0001FDA6 /* SVProgressHUD.m in Sources */ = {isa = PBXBuildFile; fileRef = D060B3FD15450EFD0001FDA6 /* SVProgressHUD.m */; settings = {COMPILER_FLAGS = "-fno-objc-arc"; }; };
		D060B41515450EFD0001FDA6 /* SVProgressHUD.m in Sources */ = {isa = PBXBuildFile; fileRef = D060B3FD15450EFD0001FDA6 /* SVProgressHUD.m */; settings = {COMPILER_FLAGS = "-fno-objc-arc"; }; };
		D088BC7D15451BAB0083812E /* Rooms.png in Resources */ = {isa = PBXBuildFile; fileRef = D088BC7A15451BAB0083812E /* Rooms.png */; };
		D088BC7E15451BAB0083812E /* Sessions.png in Resources */ = {isa = PBXBuildFile; fileRef = D088BC7B15451BAB0083812E /* Sessions.png */; };
		D088BC7F15451BAB0083812E /* Speakers.png in Resources */ = {isa = PBXBuildFile; fileRef = D088BC7C15451BAB0083812E /* Speakers.png */; };
/* End PBXBuildFile section */

/* Begin PBXContainerItemProxy section */
		D021E0301545055900048420 /* PBXContainerItemProxy */ = {
			isa = PBXContainerItemProxy;
			containerPortal = D021E0071545055800048420 /* Project object */;
			proxyType = 1;
			remoteGlobalIDString = D021E00F1545055900048420;
			remoteInfo = codestock;
		};
/* End PBXContainerItemProxy section */

/* Begin PBXFileReference section */
		D0188D8B1546219700129D1B /* COSessionCell.h */ = {isa = PBXFileReference; fileEncoding = 4; lastKnownFileType = sourcecode.c.h; path = COSessionCell.h; sourceTree = "<group>"; };
		D0188D8C1546219700129D1B /* COSessionCell.m */ = {isa = PBXFileReference; fileEncoding = 4; lastKnownFileType = sourcecode.c.objc; path = COSessionCell.m; sourceTree = "<group>"; };
		D0188D8F154621B800129D1B /* COSessionCell.xib */ = {isa = PBXFileReference; fileEncoding = 4; lastKnownFileType = file.xib; path = COSessionCell.xib; sourceTree = "<group>"; };
		D0188D911546356B00129D1B /* COSessionDetailViewController.h */ = {isa = PBXFileReference; fileEncoding = 4; lastKnownFileType = sourcecode.c.h; path = COSessionDetailViewController.h; sourceTree = "<group>"; };
		D0188D921546356B00129D1B /* COSessionDetailViewController.m */ = {isa = PBXFileReference; fileEncoding = 4; lastKnownFileType = sourcecode.c.objc; path = COSessionDetailViewController.m; sourceTree = "<group>"; };
		D0188D931546356B00129D1B /* COSessionDetailViewController.xib */ = {isa = PBXFileReference; fileEncoding = 4; lastKnownFileType = file.xib; path = COSessionDetailViewController.xib; sourceTree = "<group>"; };
		D0188DA21546601200129D1B /* COSpeakerDetailViewController.h */ = {isa = PBXFileReference; fileEncoding = 4; lastKnownFileType = sourcecode.c.h; path = COSpeakerDetailViewController.h; sourceTree = "<group>"; };
		D0188DA31546601200129D1B /* COSpeakerDetailViewController.m */ = {isa = PBXFileReference; fileEncoding = 4; lastKnownFileType = sourcecode.c.objc; path = COSpeakerDetailViewController.m; sourceTree = "<group>"; };
		D0188DA41546601200129D1B /* COSpeakerDetailViewController.xib */ = {isa = PBXFileReference; fileEncoding = 4; lastKnownFileType = file.xib; path = COSpeakerDetailViewController.xib; sourceTree = "<group>"; };
		D021E0101545055900048420 /* CodeStock.app */ = {isa = PBXFileReference; explicitFileType = wrapper.application; includeInIndex = 0; path = CodeStock.app; sourceTree = BUILT_PRODUCTS_DIR; };
		D021E0141545055900048420 /* UIKit.framework */ = {isa = PBXFileReference; lastKnownFileType = wrapper.framework; name = UIKit.framework; path = System/Library/Frameworks/UIKit.framework; sourceTree = SDKROOT; };
		D021E0161545055900048420 /* Foundation.framework */ = {isa = PBXFileReference; lastKnownFileType = wrapper.framework; name = Foundation.framework; path = System/Library/Frameworks/Foundation.framework; sourceTree = SDKROOT; };
		D021E0181545055900048420 /* CoreGraphics.framework */ = {isa = PBXFileReference; lastKnownFileType = wrapper.framework; name = CoreGraphics.framework; path = System/Library/Frameworks/CoreGraphics.framework; sourceTree = SDKROOT; };
		D021E01C1545055900048420 /* codestock-Info.plist */ = {isa = PBXFileReference; lastKnownFileType = text.plist.xml; path = "codestock-Info.plist"; sourceTree = "<group>"; };
		D021E01E1545055900048420 /* en */ = {isa = PBXFileReference; lastKnownFileType = text.plist.strings; name = en; path = en.lproj/InfoPlist.strings; sourceTree = "<group>"; };
		D021E0201545055900048420 /* main.m */ = {isa = PBXFileReference; lastKnownFileType = sourcecode.c.objc; path = main.m; sourceTree = "<group>"; };
		D021E0221545055900048420 /* codestock-Prefix.pch */ = {isa = PBXFileReference; lastKnownFileType = sourcecode.c.h; path = "codestock-Prefix.pch"; sourceTree = "<group>"; };
		D021E0231545055900048420 /* CodeStockAppDelegate.h */ = {isa = PBXFileReference; lastKnownFileType = sourcecode.c.h; path = CodeStockAppDelegate.h; sourceTree = "<group>"; };
		D021E0241545055900048420 /* CodeStockAppDelegate.m */ = {isa = PBXFileReference; lastKnownFileType = sourcecode.c.objc; path = CodeStockAppDelegate.m; sourceTree = "<group>"; };
		D021E02B1545055900048420 /* CodeStockTests.octest */ = {isa = PBXFileReference; explicitFileType = wrapper.cfbundle; includeInIndex = 0; path = CodeStockTests.octest; sourceTree = BUILT_PRODUCTS_DIR; };
		D021E02C1545055900048420 /* SenTestingKit.framework */ = {isa = PBXFileReference; lastKnownFileType = wrapper.framework; name = SenTestingKit.framework; path = Library/Frameworks/SenTestingKit.framework; sourceTree = DEVELOPER_DIR; };
		D021E0341545055900048420 /* codestockTests-Info.plist */ = {isa = PBXFileReference; lastKnownFileType = text.plist.xml; path = "codestockTests-Info.plist"; sourceTree = "<group>"; };
		D021E0361545055900048420 /* en */ = {isa = PBXFileReference; lastKnownFileType = text.plist.strings; name = en; path = en.lproj/InfoPlist.strings; sourceTree = "<group>"; };
		D021E0391545055900048420 /* CodeStockTestTemplate.m */ = {isa = PBXFileReference; lastKnownFileType = sourcecode.c.objc; path = CodeStockTestTemplate.m; sourceTree = "<group>"; };
		D060B3BC15450B3E0001FDA6 /* COSessionListViewController.h */ = {isa = PBXFileReference; fileEncoding = 4; lastKnownFileType = sourcecode.c.h; path = COSessionListViewController.h; sourceTree = "<group>"; };
		D060B3BD15450B3E0001FDA6 /* COSessionListViewController.m */ = {isa = PBXFileReference; fileEncoding = 4; lastKnownFileType = sourcecode.c.objc; path = COSessionListViewController.m; sourceTree = "<group>"; };
		D060B3C415450B800001FDA6 /* COSpeakerListViewController.h */ = {isa = PBXFileReference; fileEncoding = 4; lastKnownFileType = sourcecode.c.h; path = COSpeakerListViewController.h; sourceTree = "<group>"; };
		D060B3C515450B800001FDA6 /* COSpeakerListViewController.m */ = {isa = PBXFileReference; fileEncoding = 4; lastKnownFileType = sourcecode.c.objc; path = COSpeakerListViewController.m; sourceTree = "<group>"; };
		D060B3D115450BE20001FDA6 /* COSessionListViewController.xib */ = {isa = PBXFileReference; fileEncoding = 4; lastKnownFileType = file.xib; path = COSessionListViewController.xib; sourceTree = "<group>"; };
		D060B3D215450BE20001FDA6 /* COSpeakerListViewController.xib */ = {isa = PBXFileReference; fileEncoding = 4; lastKnownFileType = file.xib; path = COSpeakerListViewController.xib; sourceTree = "<group>"; };
		D060B3D715450C0F0001FDA6 /* CORoomListViewController.h */ = {isa = PBXFileReference; fileEncoding = 4; lastKnownFileType = sourcecode.c.h; path = CORoomListViewController.h; sourceTree = "<group>"; };
		D060B3D815450C0F0001FDA6 /* CORoomListViewController.m */ = {isa = PBXFileReference; fileEncoding = 4; lastKnownFileType = sourcecode.c.objc; path = CORoomListViewController.m; sourceTree = "<group>"; };
		D060B3D915450C0F0001FDA6 /* CORoomListViewController.xib */ = {isa = PBXFileReference; fileEncoding = 4; lastKnownFileType = file.xib; path = CORoomListViewController.xib; sourceTree = "<group>"; };
		D060B3DF15450E860001FDA6 /* CODataManager.h */ = {isa = PBXFileReference; fileEncoding = 4; lastKnownFileType = sourcecode.c.h; path = CODataManager.h; sourceTree = "<group>"; };
		D060B3E015450E860001FDA6 /* CODataManager.m */ = {isa = PBXFileReference; fileEncoding = 4; lastKnownFileType = sourcecode.c.objc; path = CODataManager.m; sourceTree = "<group>"; };
		D060B3E515450EFD0001FDA6 /* AFHTTPClient.h */ = {isa = PBXFileReference; fileEncoding = 4; lastKnownFileType = sourcecode.c.h; path = AFHTTPClient.h; sourceTree = "<group>"; };
		D060B3E615450EFD0001FDA6 /* AFHTTPClient.m */ = {isa = PBXFileReference; fileEncoding = 4; lastKnownFileType = sourcecode.c.objc; path = AFHTTPClient.m; sourceTree = "<group>"; };
		D060B3E715450EFD0001FDA6 /* AFHTTPRequestOperation.h */ = {isa = PBXFileReference; fileEncoding = 4; lastKnownFileType = sourcecode.c.h; path = AFHTTPRequestOperation.h; sourceTree = "<group>"; };
		D060B3E815450EFD0001FDA6 /* AFHTTPRequestOperation.m */ = {isa = PBXFileReference; fileEncoding = 4; lastKnownFileType = sourcecode.c.objc; path = AFHTTPRequestOperation.m; sourceTree = "<group>"; };
		D060B3E915450EFD0001FDA6 /* AFImageRequestOperation.h */ = {isa = PBXFileReference; fileEncoding = 4; lastKnownFileType = sourcecode.c.h; path = AFImageRequestOperation.h; sourceTree = "<group>"; };
		D060B3EA15450EFD0001FDA6 /* AFImageRequestOperation.m */ = {isa = PBXFileReference; fileEncoding = 4; lastKnownFileType = sourcecode.c.objc; path = AFImageRequestOperation.m; sourceTree = "<group>"; };
		D060B3EB15450EFD0001FDA6 /* AFJSONRequestOperation.h */ = {isa = PBXFileReference; fileEncoding = 4; lastKnownFileType = sourcecode.c.h; path = AFJSONRequestOperation.h; sourceTree = "<group>"; };
		D060B3EC15450EFD0001FDA6 /* AFJSONRequestOperation.m */ = {isa = PBXFileReference; fileEncoding = 4; lastKnownFileType = sourcecode.c.objc; path = AFJSONRequestOperation.m; sourceTree = "<group>"; };
		D060B3ED15450EFD0001FDA6 /* AFJSONUtilities.h */ = {isa = PBXFileReference; fileEncoding = 4; lastKnownFileType = sourcecode.c.h; path = AFJSONUtilities.h; sourceTree = "<group>"; };
		D060B3EE15450EFD0001FDA6 /* AFJSONUtilities.m */ = {isa = PBXFileReference; fileEncoding = 4; lastKnownFileType = sourcecode.c.objc; path = AFJSONUtilities.m; sourceTree = "<group>"; };
		D060B3EF15450EFD0001FDA6 /* AFNetworkActivityIndicatorManager.h */ = {isa = PBXFileReference; fileEncoding = 4; lastKnownFileType = sourcecode.c.h; path = AFNetworkActivityIndicatorManager.h; sourceTree = "<group>"; };
		D060B3F015450EFD0001FDA6 /* AFNetworkActivityIndicatorManager.m */ = {isa = PBXFileReference; fileEncoding = 4; lastKnownFileType = sourcecode.c.objc; path = AFNetworkActivityIndicatorManager.m; sourceTree = "<group>"; };
		D060B3F115450EFD0001FDA6 /* AFNetworking.h */ = {isa = PBXFileReference; fileEncoding = 4; lastKnownFileType = sourcecode.c.h; path = AFNetworking.h; sourceTree = "<group>"; };
		D060B3F215450EFD0001FDA6 /* AFPropertyListRequestOperation.h */ = {isa = PBXFileReference; fileEncoding = 4; lastKnownFileType = sourcecode.c.h; path = AFPropertyListRequestOperation.h; sourceTree = "<group>"; };
		D060B3F315450EFD0001FDA6 /* AFPropertyListRequestOperation.m */ = {isa = PBXFileReference; fileEncoding = 4; lastKnownFileType = sourcecode.c.objc; path = AFPropertyListRequestOperation.m; sourceTree = "<group>"; };
		D060B3F415450EFD0001FDA6 /* AFURLConnectionOperation.h */ = {isa = PBXFileReference; fileEncoding = 4; lastKnownFileType = sourcecode.c.h; path = AFURLConnectionOperation.h; sourceTree = "<group>"; };
		D060B3F515450EFD0001FDA6 /* AFURLConnectionOperation.m */ = {isa = PBXFileReference; fileEncoding = 4; lastKnownFileType = sourcecode.c.objc; path = AFURLConnectionOperation.m; sourceTree = "<group>"; };
		D060B3F615450EFD0001FDA6 /* AFXMLRequestOperation.h */ = {isa = PBXFileReference; fileEncoding = 4; lastKnownFileType = sourcecode.c.h; path = AFXMLRequestOperation.h; sourceTree = "<group>"; };
		D060B3F715450EFD0001FDA6 /* AFXMLRequestOperation.m */ = {isa = PBXFileReference; fileEncoding = 4; lastKnownFileType = sourcecode.c.objc; path = AFXMLRequestOperation.m; sourceTree = "<group>"; };
		D060B3F815450EFD0001FDA6 /* UIImageView+AFNetworking.h */ = {isa = PBXFileReference; fileEncoding = 4; lastKnownFileType = sourcecode.c.h; path = "UIImageView+AFNetworking.h"; sourceTree = "<group>"; };
		D060B3F915450EFD0001FDA6 /* UIImageView+AFNetworking.m */ = {isa = PBXFileReference; fileEncoding = 4; lastKnownFileType = sourcecode.c.objc; path = "UIImageView+AFNetworking.m"; sourceTree = "<group>"; };
		D060B3FB15450EFD0001FDA6 /* SVProgressHUD.bundle */ = {isa = PBXFileReference; lastKnownFileType = "wrapper.plug-in"; path = SVProgressHUD.bundle; sourceTree = "<group>"; };
		D060B3FC15450EFD0001FDA6 /* SVProgressHUD.h */ = {isa = PBXFileReference; fileEncoding = 4; lastKnownFileType = sourcecode.c.h; path = SVProgressHUD.h; sourceTree = "<group>"; };
		D060B3FD15450EFD0001FDA6 /* SVProgressHUD.m */ = {isa = PBXFileReference; fileEncoding = 4; lastKnownFileType = sourcecode.c.objc; path = SVProgressHUD.m; sourceTree = "<group>"; };
		D088BC7A15451BAB0083812E /* Rooms.png */ = {isa = PBXFileReference; lastKnownFileType = image.png; path = Rooms.png; sourceTree = "<group>"; };
		D088BC7B15451BAB0083812E /* Sessions.png */ = {isa = PBXFileReference; lastKnownFileType = image.png; path = Sessions.png; sourceTree = "<group>"; };
		D088BC7C15451BAB0083812E /* Speakers.png */ = {isa = PBXFileReference; lastKnownFileType = image.png; path = Speakers.png; sourceTree = "<group>"; };
/* End PBXFileReference section */

/* Begin PBXFrameworksBuildPhase section */
		D021E00D1545055900048420 /* Frameworks */ = {
			isa = PBXFrameworksBuildPhase;
			buildActionMask = 2147483647;
			files = (
				D021E0151545055900048420 /* UIKit.framework in Frameworks */,
				D021E0171545055900048420 /* Foundation.framework in Frameworks */,
				D021E0191545055900048420 /* CoreGraphics.framework in Frameworks */,
			);
			runOnlyForDeploymentPostprocessing = 0;
		};
		D021E0271545055900048420 /* Frameworks */ = {
			isa = PBXFrameworksBuildPhase;
			buildActionMask = 2147483647;
			files = (
				D021E02D1545055900048420 /* SenTestingKit.framework in Frameworks */,
				D021E02E1545055900048420 /* UIKit.framework in Frameworks */,
				D021E02F1545055900048420 /* Foundation.framework in Frameworks */,
			);
			runOnlyForDeploymentPostprocessing = 0;
		};
/* End PBXFrameworksBuildPhase section */

/* Begin PBXGroup section */
		D021E0051545055800048420 = {
			isa = PBXGroup;
			children = (
				D021E01A1545055900048420 /* CodeStock */,
				D021E0321545055900048420 /* CodeStockTests */,
				D021E0131545055900048420 /* Frameworks */,
				D021E0111545055900048420 /* Products */,
			);
			sourceTree = "<group>";
		};
		D021E0111545055900048420 /* Products */ = {
			isa = PBXGroup;
			children = (
				D021E0101545055900048420 /* CodeStock.app */,
				D021E02B1545055900048420 /* CodeStockTests.octest */,
			);
			name = Products;
			sourceTree = "<group>";
		};
		D021E0131545055900048420 /* Frameworks */ = {
			isa = PBXGroup;
			children = (
				D021E0141545055900048420 /* UIKit.framework */,
				D021E0161545055900048420 /* Foundation.framework */,
				D021E0181545055900048420 /* CoreGraphics.framework */,
				D021E02C1545055900048420 /* SenTestingKit.framework */,
			);
			name = Frameworks;
			sourceTree = "<group>";
		};
		D021E01A1545055900048420 /* CodeStock */ = {
			isa = PBXGroup;
			children = (
				D060B3E315450EFD0001FDA6 /* External */,
				D060B3B2154507AB0001FDA6 /* Classes */,
				D060B3B3154507AB0001FDA6 /* Resources */,
				D021E0231545055900048420 /* CodeStockAppDelegate.h */,
				D021E0241545055900048420 /* CodeStockAppDelegate.m */,
				D021E01B1545055900048420 /* Supporting Files */,
			);
			name = CodeStock;
			path = codestock;
			sourceTree = "<group>";
		};
		D021E01B1545055900048420 /* Supporting Files */ = {
			isa = PBXGroup;
			children = (
				D021E01C1545055900048420 /* codestock-Info.plist */,
				D021E01D1545055900048420 /* InfoPlist.strings */,
				D021E0201545055900048420 /* main.m */,
				D021E0221545055900048420 /* codestock-Prefix.pch */,
			);
			name = "Supporting Files";
			sourceTree = "<group>";
		};
		D021E0321545055900048420 /* CodeStockTests */ = {
			isa = PBXGroup;
			children = (
				D021E0391545055900048420 /* CodeStockTestTemplate.m */,
				D021E0331545055900048420 /* Supporting Files */,
			);
			name = CodeStockTests;
			path = codestockTests;
			sourceTree = "<group>";
		};
		D021E0331545055900048420 /* Supporting Files */ = {
			isa = PBXGroup;
			children = (
				D021E0341545055900048420 /* codestockTests-Info.plist */,
				D021E0351545055900048420 /* InfoPlist.strings */,
			);
			name = "Supporting Files";
			sourceTree = "<group>";
		};
		D060B3B2154507AB0001FDA6 /* Classes */ = {
			isa = PBXGroup;
			children = (
				D060B3DE15450E320001FDA6 /* Helpers */,
				D060B3B4154509480001FDA6 /* Controllers */,
				D060B3B5154509480001FDA6 /* Models */,
				D060B3B6154509480001FDA6 /* TableCells */,
				D060B3B7154509480001FDA6 /* Views */,
			);
			name = Classes;
			path = CodeStock/Classes;
			sourceTree = SOURCE_ROOT;
		};
		D060B3B3154507AB0001FDA6 /* Resources */ = {
			isa = PBXGroup;
			children = (
				D088BC7915451BAB0083812E /* Tab Bar Icons */,
			);
			name = Resources;
			path = CodeStock/Resources;
			sourceTree = SOURCE_ROOT;
		};
		D060B3B4154509480001FDA6 /* Controllers */ = {
			isa = PBXGroup;
			children = (
				D060B3D115450BE20001FDA6 /* COSessionListViewController.xib */,
				D060B3D215450BE20001FDA6 /* COSpeakerListViewController.xib */,
				D060B3BC15450B3E0001FDA6 /* COSessionListViewController.h */,
				D060B3BD15450B3E0001FDA6 /* COSessionListViewController.m */,
				D060B3C415450B800001FDA6 /* COSpeakerListViewController.h */,
				D060B3C515450B800001FDA6 /* COSpeakerListViewController.m */,
				D060B3D715450C0F0001FDA6 /* CORoomListViewController.h */,
				D060B3D815450C0F0001FDA6 /* CORoomListViewController.m */,
				D060B3D915450C0F0001FDA6 /* CORoomListViewController.xib */,
				D0188D911546356B00129D1B /* COSessionDetailViewController.h */,
				D0188D921546356B00129D1B /* COSessionDetailViewController.m */,
				D0188D931546356B00129D1B /* COSessionDetailViewController.xib */,
				D0188DA21546601200129D1B /* COSpeakerDetailViewController.h */,
				D0188DA31546601200129D1B /* COSpeakerDetailViewController.m */,
				D0188DA41546601200129D1B /* COSpeakerDetailViewController.xib */,
			);
			path = Controllers;
			sourceTree = "<group>";
		};
		D060B3B5154509480001FDA6 /* Models */ = {
			isa = PBXGroup;
			children = (
			);
			path = Models;
			sourceTree = "<group>";
		};
		D060B3B6154509480001FDA6 /* TableCells */ = {
			isa = PBXGroup;
			children = (
				D0188D8B1546219700129D1B /* COSessionCell.h */,
				D0188D8C1546219700129D1B /* COSessionCell.m */,
				D0188D8F154621B800129D1B /* COSessionCell.xib */,
			);
			path = TableCells;
			sourceTree = "<group>";
		};
		D060B3B7154509480001FDA6 /* Views */ = {
			isa = PBXGroup;
			children = (
			);
			path = Views;
			sourceTree = "<group>";
		};
		D060B3DE15450E320001FDA6 /* Helpers */ = {
			isa = PBXGroup;
			children = (
				D060B3DF15450E860001FDA6 /* CODataManager.h */,
				D060B3E015450E860001FDA6 /* CODataManager.m */,
			);
			path = Helpers;
			sourceTree = "<group>";
		};
		D060B3E315450EFD0001FDA6 /* External */ = {
			isa = PBXGroup;
			children = (
				D060B3E415450EFD0001FDA6 /* AFNetworking */,
				D060B3FA15450EFD0001FDA6 /* SVProgressHUD */,
			);
			name = External;
			path = CodeStock/External;
			sourceTree = SOURCE_ROOT;
		};
		D060B3E415450EFD0001FDA6 /* AFNetworking */ = {
			isa = PBXGroup;
			children = (
				D060B3E515450EFD0001FDA6 /* AFHTTPClient.h */,
				D060B3E615450EFD0001FDA6 /* AFHTTPClient.m */,
				D060B3E715450EFD0001FDA6 /* AFHTTPRequestOperation.h */,
				D060B3E815450EFD0001FDA6 /* AFHTTPRequestOperation.m */,
				D060B3E915450EFD0001FDA6 /* AFImageRequestOperation.h */,
				D060B3EA15450EFD0001FDA6 /* AFImageRequestOperation.m */,
				D060B3EB15450EFD0001FDA6 /* AFJSONRequestOperation.h */,
				D060B3EC15450EFD0001FDA6 /* AFJSONRequestOperation.m */,
				D060B3ED15450EFD0001FDA6 /* AFJSONUtilities.h */,
				D060B3EE15450EFD0001FDA6 /* AFJSONUtilities.m */,
				D060B3EF15450EFD0001FDA6 /* AFNetworkActivityIndicatorManager.h */,
				D060B3F015450EFD0001FDA6 /* AFNetworkActivityIndicatorManager.m */,
				D060B3F115450EFD0001FDA6 /* AFNetworking.h */,
				D060B3F215450EFD0001FDA6 /* AFPropertyListRequestOperation.h */,
				D060B3F315450EFD0001FDA6 /* AFPropertyListRequestOperation.m */,
				D060B3F415450EFD0001FDA6 /* AFURLConnectionOperation.h */,
				D060B3F515450EFD0001FDA6 /* AFURLConnectionOperation.m */,
				D060B3F615450EFD0001FDA6 /* AFXMLRequestOperation.h */,
				D060B3F715450EFD0001FDA6 /* AFXMLRequestOperation.m */,
				D060B3F815450EFD0001FDA6 /* UIImageView+AFNetworking.h */,
				D060B3F915450EFD0001FDA6 /* UIImageView+AFNetworking.m */,
			);
			path = AFNetworking;
			sourceTree = "<group>";
		};
		D060B3FA15450EFD0001FDA6 /* SVProgressHUD */ = {
			isa = PBXGroup;
			children = (
				D060B3FB15450EFD0001FDA6 /* SVProgressHUD.bundle */,
				D060B3FC15450EFD0001FDA6 /* SVProgressHUD.h */,
				D060B3FD15450EFD0001FDA6 /* SVProgressHUD.m */,
			);
			path = SVProgressHUD;
			sourceTree = "<group>";
		};
		D088BC7915451BAB0083812E /* Tab Bar Icons */ = {
			isa = PBXGroup;
			children = (
				D088BC7A15451BAB0083812E /* Rooms.png */,
				D088BC7B15451BAB0083812E /* Sessions.png */,
				D088BC7C15451BAB0083812E /* Speakers.png */,
			);
			path = "Tab Bar Icons";
			sourceTree = "<group>";
		};
/* End PBXGroup section */

/* Begin PBXNativeTarget section */
		D021E00F1545055900048420 /* CodeStock */ = {
			isa = PBXNativeTarget;
			buildConfigurationList = D021E03D1545055900048420 /* Build configuration list for PBXNativeTarget "CodeStock" */;
			buildPhases = (
				D021E00C1545055900048420 /* Sources */,
				D021E00D1545055900048420 /* Frameworks */,
				D021E00E1545055900048420 /* Resources */,
			);
			buildRules = (
			);
			dependencies = (
			);
			name = CodeStock;
			productName = codestock;
			productReference = D021E0101545055900048420 /* CodeStock.app */;
			productType = "com.apple.product-type.application";
		};
		D021E02A1545055900048420 /* CodeStockTests */ = {
			isa = PBXNativeTarget;
			buildConfigurationList = D021E0401545055900048420 /* Build configuration list for PBXNativeTarget "CodeStockTests" */;
			buildPhases = (
				D021E0261545055900048420 /* Sources */,
				D021E0271545055900048420 /* Frameworks */,
				D021E0281545055900048420 /* Resources */,
				D021E0291545055900048420 /* ShellScript */,
			);
			buildRules = (
			);
			dependencies = (
				D021E0311545055900048420 /* PBXTargetDependency */,
			);
			name = CodeStockTests;
			productName = codestockTests;
			productReference = D021E02B1545055900048420 /* CodeStockTests.octest */;
			productType = "com.apple.product-type.bundle";
		};
/* End PBXNativeTarget section */

/* Begin PBXProject section */
		D021E0071545055800048420 /* Project object */ = {
			isa = PBXProject;
			attributes = {
				CLASSPREFIX = CO;
				LastUpgradeCheck = 0430;
			};
			buildConfigurationList = D021E00A1545055800048420 /* Build configuration list for PBXProject "CodeStock for iOS" */;
			compatibilityVersion = "Xcode 3.2";
			developmentRegion = English;
			hasScannedForEncodings = 0;
			knownRegions = (
				en,
			);
			mainGroup = D021E0051545055800048420;
			productRefGroup = D021E0111545055900048420 /* Products */;
			projectDirPath = "";
			projectRoot = "";
			targets = (
				D021E00F1545055900048420 /* CodeStock */,
				D021E02A1545055900048420 /* CodeStockTests */,
			);
		};
/* End PBXProject section */

/* Begin PBXResourcesBuildPhase section */
		D021E00E1545055900048420 /* Resources */ = {
			isa = PBXResourcesBuildPhase;
			buildActionMask = 2147483647;
			files = (
				D021E01F1545055900048420 /* InfoPlist.strings in Resources */,
				D060B3D315450BE20001FDA6 /* COSessionListViewController.xib in Resources */,
				D060B3D515450BE20001FDA6 /* COSpeakerListViewController.xib in Resources */,
				D060B3DC15450C0F0001FDA6 /* CORoomListViewController.xib in Resources */,
				D060B41215450EFD0001FDA6 /* SVProgressHUD.bundle in Resources */,
				D088BC7D15451BAB0083812E /* Rooms.png in Resources */,
				D088BC7E15451BAB0083812E /* Sessions.png in Resources */,
				D088BC7F15451BAB0083812E /* Speakers.png in Resources */,
				D0188D90154621B800129D1B /* COSessionCell.xib in Resources */,
				D0188D951546356B00129D1B /* COSessionDetailViewController.xib in Resources */,
				D0188DA61546601200129D1B /* COSpeakerDetailViewController.xib in Resources */,
			);
			runOnlyForDeploymentPostprocessing = 0;
		};
		D021E0281545055900048420 /* Resources */ = {
			isa = PBXResourcesBuildPhase;
			buildActionMask = 2147483647;
			files = (
				D021E0371545055900048420 /* InfoPlist.strings in Resources */,
				D060B3D415450BE20001FDA6 /* COSessionListViewController.xib in Resources */,
				D060B3D615450BE20001FDA6 /* COSpeakerListViewController.xib in Resources */,
				D060B3DD15450C0F0001FDA6 /* CORoomListViewController.xib in Resources */,
				D060B41315450EFD0001FDA6 /* SVProgressHUD.bundle in Resources */,
			);
			runOnlyForDeploymentPostprocessing = 0;
		};
/* End PBXResourcesBuildPhase section */

/* Begin PBXShellScriptBuildPhase section */
		D021E0291545055900048420 /* ShellScript */ = {
			isa = PBXShellScriptBuildPhase;
			buildActionMask = 2147483647;
			files = (
			);
			inputPaths = (
			);
			outputPaths = (
			);
			runOnlyForDeploymentPostprocessing = 0;
			shellPath = /bin/sh;
			shellScript = "# Run the unit tests in this test bundle.\n\"${SYSTEM_DEVELOPER_DIR}/Tools/RunUnitTests\"\n";
		};
/* End PBXShellScriptBuildPhase section */

/* Begin PBXSourcesBuildPhase section */
		D021E00C1545055900048420 /* Sources */ = {
			isa = PBXSourcesBuildPhase;
			buildActionMask = 2147483647;
			files = (
				D021E0211545055900048420 /* main.m in Sources */,
				D021E0251545055900048420 /* CodeStockAppDelegate.m in Sources */,
				D060B3BF15450B3E0001FDA6 /* COSessionListViewController.m in Sources */,
				D060B3C715450B800001FDA6 /* COSpeakerListViewController.m in Sources */,
				D060B3DA15450C0F0001FDA6 /* CORoomListViewController.m in Sources */,
				D060B3E115450E860001FDA6 /* CODataManager.m in Sources */,
				D060B3FE15450EFD0001FDA6 /* AFHTTPClient.m in Sources */,
				D060B40015450EFD0001FDA6 /* AFHTTPRequestOperation.m in Sources */,
				D060B40215450EFD0001FDA6 /* AFImageRequestOperation.m in Sources */,
				D060B40415450EFD0001FDA6 /* AFJSONRequestOperation.m in Sources */,
				D060B40615450EFD0001FDA6 /* AFJSONUtilities.m in Sources */,
				D060B40815450EFD0001FDA6 /* AFNetworkActivityIndicatorManager.m in Sources */,
				D060B40A15450EFD0001FDA6 /* AFPropertyListRequestOperation.m in Sources */,
				D060B40C15450EFD0001FDA6 /* AFURLConnectionOperation.m in Sources */,
				D060B40E15450EFD0001FDA6 /* AFXMLRequestOperation.m in Sources */,
				D060B41015450EFD0001FDA6 /* UIImageView+AFNetworking.m in Sources */,
				D060B41415450EFD0001FDA6 /* SVProgressHUD.m in Sources */,
				D0188D8D1546219700129D1B /* COSessionCell.m in Sources */,
				D0188D941546356B00129D1B /* COSessionDetailViewController.m in Sources */,
				D0188DA51546601200129D1B /* COSpeakerDetailViewController.m in Sources */,
			);
			runOnlyForDeploymentPostprocessing = 0;
		};
		D021E0261545055900048420 /* Sources */ = {
			isa = PBXSourcesBuildPhase;
			buildActionMask = 2147483647;
			files = (
				D021E03A1545055900048420 /* CodeStockTestTemplate.m in Sources */,
				D060B3C015450B3E0001FDA6 /* COSessionListViewController.m in Sources */,
				D060B3C815450B800001FDA6 /* COSpeakerListViewController.m in Sources */,
				D060B3DB15450C0F0001FDA6 /* CORoomListViewController.m in Sources */,
				D060B3E215450E860001FDA6 /* CODataManager.m in Sources */,
				D060B3FF15450EFD0001FDA6 /* AFHTTPClient.m in Sources */,
				D060B40115450EFD0001FDA6 /* AFHTTPRequestOperation.m in Sources */,
				D060B40315450EFD0001FDA6 /* AFImageRequestOperation.m in Sources */,
				D060B40515450EFD0001FDA6 /* AFJSONRequestOperation.m in Sources */,
				D060B40715450EFD0001FDA6 /* AFJSONUtilities.m in Sources */,
				D060B40915450EFD0001FDA6 /* AFNetworkActivityIndicatorManager.m in Sources */,
				D060B40B15450EFD0001FDA6 /* AFPropertyListRequestOperation.m in Sources */,
				D060B40D15450EFD0001FDA6 /* AFURLConnectionOperation.m in Sources */,
				D060B40F15450EFD0001FDA6 /* AFXMLRequestOperation.m in Sources */,
				D060B41115450EFD0001FDA6 /* UIImageView+AFNetworking.m in Sources */,
				D060B41515450EFD0001FDA6 /* SVProgressHUD.m in Sources */,
			);
			runOnlyForDeploymentPostprocessing = 0;
		};
/* End PBXSourcesBuildPhase section */

/* Begin PBXTargetDependency section */
		D021E0311545055900048420 /* PBXTargetDependency */ = {
			isa = PBXTargetDependency;
			target = D021E00F1545055900048420 /* CodeStock */;
			targetProxy = D021E0301545055900048420 /* PBXContainerItemProxy */;
		};
/* End PBXTargetDependency section */

/* Begin PBXVariantGroup section */
		D021E01D1545055900048420 /* InfoPlist.strings */ = {
			isa = PBXVariantGroup;
			children = (
				D021E01E1545055900048420 /* en */,
			);
			name = InfoPlist.strings;
			sourceTree = "<group>";
		};
		D021E0351545055900048420 /* InfoPlist.strings */ = {
			isa = PBXVariantGroup;
			children = (
				D021E0361545055900048420 /* en */,
			);
			name = InfoPlist.strings;
			sourceTree = "<group>";
		};
/* End PBXVariantGroup section */

/* Begin XCBuildConfiguration section */
		D021E03B1545055900048420 /* Debug */ = {
			isa = XCBuildConfiguration;
			buildSettings = {
				ALWAYS_SEARCH_USER_PATHS = NO;
				ARCHS = "$(ARCHS_STANDARD_32_BIT)";
				CLANG_ENABLE_OBJC_ARC = YES;
				"CODE_SIGN_IDENTITY[sdk=iphoneos*]" = "iPhone Developer";
				COPY_PHASE_STRIP = NO;
				GCC_C_LANGUAGE_STANDARD = gnu99;
				GCC_DYNAMIC_NO_PIC = NO;
				GCC_OPTIMIZATION_LEVEL = 0;
				GCC_PREPROCESSOR_DEFINITIONS = (
					"DEBUG=1",
					"$(inherited)",
				);
				GCC_SYMBOLS_PRIVATE_EXTERN = NO;
				GCC_VERSION = com.apple.compilers.llvm.clang.1_0;
				GCC_WARN_ABOUT_RETURN_TYPE = YES;
				GCC_WARN_UNINITIALIZED_AUTOS = YES;
				GCC_WARN_UNUSED_VARIABLE = YES;
				IPHONEOS_DEPLOYMENT_TARGET = 5.1;
				SDKROOT = iphoneos;
				TARGETED_DEVICE_FAMILY = "1,2";
			};
			name = Debug;
		};
		D021E03C1545055900048420 /* Release */ = {
			isa = XCBuildConfiguration;
			buildSettings = {
				ALWAYS_SEARCH_USER_PATHS = NO;
				ARCHS = "$(ARCHS_STANDARD_32_BIT)";
				CLANG_ENABLE_OBJC_ARC = YES;
				"CODE_SIGN_IDENTITY[sdk=iphoneos*]" = "iPhone Developer";
				COPY_PHASE_STRIP = YES;
				GCC_C_LANGUAGE_STANDARD = gnu99;
				GCC_VERSION = com.apple.compilers.llvm.clang.1_0;
				GCC_WARN_ABOUT_RETURN_TYPE = YES;
				GCC_WARN_UNINITIALIZED_AUTOS = YES;
				GCC_WARN_UNUSED_VARIABLE = YES;
				IPHONEOS_DEPLOYMENT_TARGET = 5.1;
				OTHER_CFLAGS = "-DNS_BLOCK_ASSERTIONS=1";
				SDKROOT = iphoneos;
				TARGETED_DEVICE_FAMILY = "1,2";
				VALIDATE_PRODUCT = YES;
			};
			name = Release;
		};
		D021E03E1545055900048420 /* Debug */ = {
			isa = XCBuildConfiguration;
			buildSettings = {
				GCC_PRECOMPILE_PREFIX_HEADER = YES;
				GCC_PREFIX_HEADER = "codestock/codestock-Prefix.pch";
				INFOPLIST_FILE = "codestock/codestock-Info.plist";
				PRODUCT_NAME = "$(TARGET_NAME)";
				WRAPPER_EXTENSION = app;
			};
			name = Debug;
		};
		D021E03F1545055900048420 /* Release */ = {
			isa = XCBuildConfiguration;
			buildSettings = {
				GCC_PRECOMPILE_PREFIX_HEADER = YES;
				GCC_PREFIX_HEADER = "codestock/codestock-Prefix.pch";
				INFOPLIST_FILE = "codestock/codestock-Info.plist";
				PRODUCT_NAME = "$(TARGET_NAME)";
				WRAPPER_EXTENSION = app;
			};
			name = Release;
		};
		D021E0411545055900048420 /* Debug */ = {
			isa = XCBuildConfiguration;
			buildSettings = {
				BUNDLE_LOADER = "$(BUILT_PRODUCTS_DIR)/codestock.app/codestock";
				FRAMEWORK_SEARCH_PATHS = (
					"$(SDKROOT)/Developer/Library/Frameworks",
					"$(DEVELOPER_LIBRARY_DIR)/Frameworks",
				);
				GCC_PRECOMPILE_PREFIX_HEADER = YES;
				GCC_PREFIX_HEADER = "codestock/codestock-Prefix.pch";
				INFOPLIST_FILE = "codestockTests/codestockTests-Info.plist";
				PRODUCT_NAME = "$(TARGET_NAME)";
				TEST_HOST = "$(BUNDLE_LOADER)";
				WRAPPER_EXTENSION = octest;
			};
			name = Debug;
		};
		D021E0421545055900048420 /* Release */ = {
			isa = XCBuildConfiguration;
			buildSettings = {
				BUNDLE_LOADER = "$(BUILT_PRODUCTS_DIR)/codestock.app/codestock";
				FRAMEWORK_SEARCH_PATHS = (
					"$(SDKROOT)/Developer/Library/Frameworks",
					"$(DEVELOPER_LIBRARY_DIR)/Frameworks",
				);
				GCC_PRECOMPILE_PREFIX_HEADER = YES;
				GCC_PREFIX_HEADER = "codestock/codestock-Prefix.pch";
				INFOPLIST_FILE = "codestockTests/codestockTests-Info.plist";
				PRODUCT_NAME = "$(TARGET_NAME)";
				TEST_HOST = "$(BUNDLE_LOADER)";
				WRAPPER_EXTENSION = octest;
			};
			name = Release;
		};
/* End XCBuildConfiguration section */

/* Begin XCConfigurationList section */
		D021E00A1545055800048420 /* Build configuration list for PBXProject "CodeStock for iOS" */ = {
			isa = XCConfigurationList;
			buildConfigurations = (
				D021E03B1545055900048420 /* Debug */,
				D021E03C1545055900048420 /* Release */,
			);
			defaultConfigurationIsVisible = 0;
			defaultConfigurationName = Release;
		};
		D021E03D1545055900048420 /* Build configuration list for PBXNativeTarget "CodeStock" */ = {
			isa = XCConfigurationList;
			buildConfigurations = (
				D021E03E1545055900048420 /* Debug */,
				D021E03F1545055900048420 /* Release */,
			);
			defaultConfigurationIsVisible = 0;
			defaultConfigurationName = Release;
		};
		D021E0401545055900048420 /* Build configuration list for PBXNativeTarget "CodeStockTests" */ = {
			isa = XCConfigurationList;
			buildConfigurations = (
				D021E0411545055900048420 /* Debug */,
				D021E0421545055900048420 /* Release */,
			);
			defaultConfigurationIsVisible = 0;
			defaultConfigurationName = Release;
		};
/* End XCConfigurationList section */
	};
	rootObject = D021E0071545055800048420 /* Project object */;
}
